
Microsoft Visual Studio Solution File, Format Version 12.00
# Visual Studio 15
VisualStudioVersion = 15.0.28307.572
MinimumVisualStudioVersion = 10.0.40219.1
Project("{FAE04EC0-301F-11D3-BF4B-00C04F79EFBC}") = "StockMarket", "StockMarket\StockMarket.csproj", "{CC29839E-792E-45EC-860E-2E87065C3296}"
EndProject
Global
	GlobalSection(SolutionConfigurationPlatforms) = preSolution
		Debug|Any CPU = Debug|Any CPU
		Release|Any CPU = Release|Any CPU
	EndGlobalSection
	GlobalSection(ProjectConfigurationPlatforms) = postSolution
		{CC29839E-792E-45EC-860E-2E87065C3296}.Debug|Any CPU.ActiveCfg = Debug|Any CPU
		{CC29839E-792E-45EC-860E-2E87065C3296}.Debug|Any CPU.Build.0 = Debug|Any CPU
		{CC29839E-792E-45EC-860E-2E87065C3296}.Release|Any CPU.ActiveCfg = Release|Any CPU
		{CC29839E-792E-45EC-860E-2E87065C3296}.Release|Any CPU.Build.0 = Release|Any CPU
	EndGlobalSection
	GlobalSection(SolutionProperties) = preSolution
		HideSolutionNode = FALSE
	EndGlobalSection
	GlobalSection(ExtensibilityGlobals) = postSolution
		SolutionGuid = {1B368687-02FC-4835-900E-443CA85A2691}
	EndGlobalSection
EndGlobal
